NeoBundleLock neobundle.vim 27c473e6b8c0d9aef620d4a993615a5537175e36
NeoBundleLock neomru.vim 7df9999b841228661ff73909c5b9e34952331e22
NeoBundleLock neosnippet 044c9cb8ca46a5e27eec37198990c26fe707b02a
NeoBundleLock unite-rails e173c8ec28c18744a0b778ef78b600ce8759914f
NeoBundleLock unite.vim 8460f6502e3961db1acb972b9b888db2b43327cf
NeoBundleLock vim-rails 5f9da92cda40dfa8d63899a9f60d7e8782a3cff8
